
Microsoft Visual Studio Solution File, Format Version 12.00
# Visual Studio Version 17
VisualStudioVersion = 17.2.32630.192
MinimumVisualStudioVersion = 10.0.40219.1
Project("{FAE04EC0-301F-11D3-BF4B-00C04F79EFBC}") = "Roll Initiative", "Roll Initiative.csproj", "{741D0563-523F-4AE3-9381-B1194D3C6DFF}"
EndProject
Global
	GlobalSection(SolutionConfigurationPlatforms) = preSolution
		Debug|Any CPU = Debug|Any CPU
		Release|Any CPU = Release|Any CPU
	EndGlobalSection
	GlobalSection(ProjectConfigurationPlatforms) = postSolution
		{741D0563-523F-4AE3-9381-B1194D3C6DFF}.Debug|Any CPU.ActiveCfg = Debug|Any CPU
		{741D0563-523F-4AE3-9381-B1194D3C6DFF}.Debug|Any CPU.Build.0 = Debug|Any CPU
		{741D0563-523F-4AE3-9381-B1194D3C6DFF}.Release|Any CPU.ActiveCfg = Release|Any CPU
		{741D0563-523F-4AE3-9381-B1194D3C6DFF}.Release|Any CPU.Build.0 = Release|Any CPU
	EndGlobalSection
	GlobalSection(SolutionProperties) = preSolution
		HideSolutionNode = FALSE
	EndGlobalSection
	GlobalSection(ExtensibilityGlobals) = postSolution
		SolutionGuid = {25468E43-97FC-4119-A254-78EF970FCC9A}
	EndGlobalSection
EndGlobal
